
Microsoft Visual Studio Solution File, Format Version 12.00
# Visual Studio Version 16
VisualStudioVersion = 16.0.29020.237
MinimumVisualStudioVersion = 10.0.40219.1
Project("{9A19103F-16F7-4668-BE54-9A1E7A4F7556}") = "MyCompanyName.MyProjectName.Domain", "src\MyCompanyName.MyProjectName.Domain\MyCompanyName.MyProjectName.Domain.csproj", "{554AD327-6DBA-4F8F-96F8-81CE7A0C863F}"
EndProject
Project("{9A19103F-16F7-4668-BE54-9A1E7A4F7556}") = "MyCompanyName.MyProjectName.Application", "src\MyCompanyName.MyProjectName.Application\MyCompanyName.MyProjectName.Application.csproj", "{1A94A50E-06DC-43C1-80B5-B662820EC3EB}"
EndProject
Project("{9A19103F-16F7-4668-BE54-9A1E7A4F7556}") = "MyCompanyName.MyProjectName.EntityFrameworkCore", "src\MyCompanyName.MyProjectName.EntityFrameworkCore\MyCompanyName.MyProjectName.EntityFrameworkCore.csproj", "{C956DD76-69C8-4A9C-83EA-D17DF83340FD}"
EndProject
Project("{9A19103F-16F7-4668-BE54-9A1E7A4F7556}") = "MyCompanyName.MyProjectName.Web", "src\MyCompanyName.MyProjectName.Web\MyCompanyName.MyProjectName.Web.csproj", "{068855E8-9240-4F1A-910B-CF825794513B}"
EndProject
Project("{2150E333-8FDC-42A3-9474-1A3956D46DE8}") = "src", "src", "{CA9AC87F-097E-4F15-8393-4BC07735A5B0}"
EndProject
Project("{2150E333-8FDC-42A3-9474-1A3956D46DE8}") = "test", "test", "{04DBDB01-70F4-4E06-B468-8F87850B22BE}"
EndProject
Project("{9A19103F-16F7-4668-BE54-9A1E7A4F7556}") = "MyCompanyName.MyProjectName.Application.Tests", "test\MyCompanyName.MyProjectName.Application.Tests\MyCompanyName.MyProjectName.Application.Tests.csproj", "{50B2631D-129C-47B3-A587-029CCD6099BC}"
EndProject
Project("{9A19103F-16F7-4668-BE54-9A1E7A4F7556}") = "MyCompanyName.MyProjectName.Web.Tests", "test\MyCompanyName.MyProjectName.Web.Tests\MyCompanyName.MyProjectName.Web.Tests.csproj", "{5F1B28C6-8D0C-4155-92D0-252F7EA5F674}"
EndProject
Project("{9A19103F-16F7-4668-BE54-9A1E7A4F7556}") = "MyCompanyName.MyProjectName.MongoDB", "src\MyCompanyName.MyProjectName.MongoDB\MyCompanyName.MyProjectName.MongoDB.csproj", "{E3444355-D47E-431E-BDD0-DD3A7113B2AE}"
EndProject
Project("{9A19103F-16F7-4668-BE54-9A1E7A4F7556}") = "MyCompanyName.MyProjectName.EntityFrameworkCore.DbMigrations", "src\MyCompanyName.MyProjectName.EntityFrameworkCore.DbMigrations\MyCompanyName.MyProjectName.EntityFrameworkCore.DbMigrations.csproj", "{0372FA84-C517-4EB3-9A9F-B9ACAC0CA5E0}"
EndProject
Project("{9A19103F-16F7-4668-BE54-9A1E7A4F7556}") = "MyCompanyName.MyProjectName.Domain.Shared", "src\MyCompanyName.MyProjectName.Domain.Shared\MyCompanyName.MyProjectName.Domain.Shared.csproj", "{42F719ED-8413-4895-B5B4-5AB56079BC66}"
EndProject
Project("{9A19103F-16F7-4668-BE54-9A1E7A4F7556}") = "MyCompanyName.MyProjectName.Application.Contracts", "src\MyCompanyName.MyProjectName.Application.Contracts\MyCompanyName.MyProjectName.Application.Contracts.csproj", "{520659C8-C734-4298-A3DA-B539DB9DFC0B}"
EndProject
Project("{9A19103F-16F7-4668-BE54-9A1E7A4F7556}") = "MyCompanyName.MyProjectName.HttpApi", "src\MyCompanyName.MyProjectName.HttpApi\MyCompanyName.MyProjectName.HttpApi.csproj", "{4164BDF7-F527-4E85-9CE6-E3C2D7426A27}"
EndProject
Project("{9A19103F-16F7-4668-BE54-9A1E7A4F7556}") = "MyCompanyName.MyProjectName.HttpApi.Client", "src\MyCompanyName.MyProjectName.HttpApi.Client\MyCompanyName.MyProjectName.HttpApi.Client.csproj", "{3B5A0094-670D-4BB1-BFDD-61B88A8773DC}"
EndProject
Project("{9A19103F-16F7-4668-BE54-9A1E7A4F7556}") = "MyCompanyName.MyProjectName.Web.Host", "src\MyCompanyName.MyProjectName.Web.Host\MyCompanyName.MyProjectName.Web.Host.csproj", "{6FE54035-9C11-4702-A5E2-D16F23101468}"
EndProject
Project("{9A19103F-16F7-4668-BE54-9A1E7A4F7556}") = "MyCompanyName.MyProjectName.IdentityServer", "src\MyCompanyName.MyProjectName.IdentityServer\MyCompanyName.MyProjectName.IdentityServer.csproj", "{073C361E-B8F4-49F5-93CC-72A3FF49C026}"
EndProject
Project("{9A19103F-16F7-4668-BE54-9A1E7A4F7556}") = "MyCompanyName.MyProjectName.HttpApi.Host", "src\MyCompanyName.MyProjectName.HttpApi.Host\MyCompanyName.MyProjectName.HttpApi.Host.csproj", "{E6D5BF0E-DE92-4D82-A352-EF04B37CB11C}"
EndProject
Project("{9A19103F-16F7-4668-BE54-9A1E7A4F7556}") = "MyCompanyName.MyProjectName.EntityFrameworkCore.Tests", "test\MyCompanyName.MyProjectName.EntityFrameworkCore.Tests\MyCompanyName.MyProjectName.EntityFrameworkCore.Tests.csproj", "{1FE30EB9-74A9-47F5-A9F6-7B1FAB672D81}"
EndProject
Project("{9A19103F-16F7-4668-BE54-9A1E7A4F7556}") = "MyCompanyName.MyProjectName.TestBase", "test\MyCompanyName.MyProjectName.TestBase\MyCompanyName.MyProjectName.TestBase.csproj", "{91853F21-9CD9-4132-BC29-A7D5D84FFFE7}"
EndProject
Project("{9A19103F-16F7-4668-BE54-9A1E7A4F7556}") = "MyCompanyName.MyProjectName.Domain.Tests", "test\MyCompanyName.MyProjectName.Domain.Tests\MyCompanyName.MyProjectName.Domain.Tests.csproj", "{E512F4D9-9375-480F-A2F6-A46509F9D824}"
EndProject
Project("{9A19103F-16F7-4668-BE54-9A1E7A4F7556}") = "MyCompanyName.MyProjectName.MongoDB.Tests", "test\MyCompanyName.MyProjectName.MongoDB.Tests\MyCompanyName.MyProjectName.MongoDB.Tests.csproj", "{6015D17B-104B-4EC2-A9B7-D8A40C891458}"
EndProject
Project("{9A19103F-16F7-4668-BE54-9A1E7A4F7556}") = "MyCompanyName.MyProjectName.HttpApi.Client.ConsoleTestApp", "test\MyCompanyName.MyProjectName.HttpApi.Client.ConsoleTestApp\MyCompanyName.MyProjectName.HttpApi.Client.ConsoleTestApp.csproj", "{EF480016-9127-4916-8735-D2466BDBC582}"
EndProject
Project("{9A19103F-16F7-4668-BE54-9A1E7A4F7556}") = "MyCompanyName.MyProjectName.DbMigrator", "src\MyCompanyName.MyProjectName.DbMigrator\MyCompanyName.MyProjectName.DbMigrator.csproj", "{AA94D832-1CCC-4715-95A9-A483F23A1A5D}"
EndProject
Project("{FAE04EC0-301F-11D3-BF4B-00C04F79EFBC}") = "MyCompanyName.MyProjectName.HttpApi.HostWithIds", "src\MyCompanyName.MyProjectName.HttpApi.HostWithIds\MyCompanyName.MyProjectName.HttpApi.HostWithIds.csproj", "{748584B1-BA69-4F6A-81AA-F4BDE6BCE29D}"
EndProject
Project("{9A19103F-16F7-4668-BE54-9A1E7A4F7556}") = "MyCompanyName.MyProjectName.Blazor", "src\MyCompanyName.MyProjectName.Blazor\MyCompanyName.MyProjectName.Blazor.csproj", "{27B2DDC7-8B75-4322-A312-25419C15D9D8}"
EndProject
Project("{2150E333-8FDC-42A3-9474-1A3956D46DE8}") = "lib", "lib", "{0BF5FDCC-4289-47EB-A9E9-2B2D4E3ED59C}"
EndProject
Project("{2150E333-8FDC-42A3-9474-1A3956D46DE8}") = "Isap", "Isap", "{3353EE30-195D-4C9D-BA14-0DA7BF9AF2D0}"
EndProject
Project("{2150E333-8FDC-42A3-9474-1A3956D46DE8}") = "Converters", "Converters", "{DC442A3F-AEE3-418C-A722-0557BDC6D307}"
EndProject
Project("{2150E333-8FDC-42A3-9474-1A3956D46DE8}") = "src", "src", "{2F2A0DC4-7856-4DD3-B04B-3121C9607C44}"
EndProject
Project("{FAE04EC0-301F-11D3-BF4B-00C04F79EFBC}") = "Isap.Converters", "lib\Isap\Converters\src\Isap.Converters\Isap.Converters.csproj", "{FCB8C0DA-406F-4259-92E0-A839E80E2AD5}"
EndProject
Project("{2150E333-8FDC-42A3-9474-1A3956D46DE8}") = "test", "test", "{758C7BC9-9604-4865-A35D-90B6283E7307}"
EndProject
Project("{FAE04EC0-301F-11D3-BF4B-00C04F79EFBC}") = "Isap.Converters.Tests", "lib\Isap\Converters\test\Isap.Converters.Tests\Isap.Converters.Tests.csproj", "{26356985-FA97-4D22-B04E-2C93D4414BEE}"
EndProject
Project("{2150E333-8FDC-42A3-9474-1A3956D46DE8}") = "CommonCore", "CommonCore", "{C0D41873-1D4F-44F8-8FE5-25D0C5F53B01}"
EndProject
Project("{2150E333-8FDC-42A3-9474-1A3956D46DE8}") = "src", "src", "{F3182D96-F506-4C2C-8CFA-112680D643D8}"
EndProject
Project("{FAE04EC0-301F-11D3-BF4B-00C04F79EFBC}") = "Isap.CommonCore", "lib\Isap\CommonCore\src\Isap.CommonCore\Isap.CommonCore.csproj", "{1701D6DB-7F87-40E8-913F-202B376AFF5A}"
EndProject
Project("{FAE04EC0-301F-11D3-BF4B-00C04F79EFBC}") = "Isap.CommonCore.Web", "lib\Isap\CommonCore\src\Isap.CommonCore.Web\Isap.CommonCore.Web.csproj", "{6D9B450D-A66F-4180-9109-8ABB958BDBAB}"
EndProject
Project("{2150E333-8FDC-42A3-9474-1A3956D46DE8}") = "test", "test", "{946BC2E7-606D-44A2-B246-10E1B13A31D0}"
EndProject
Project("{FAE04EC0-301F-11D3-BF4B-00C04F79EFBC}") = "Isap.CommonCore.Tests", "lib\Isap\CommonCore\test\Isap.CommonCore.Tests\Isap.CommonCore.Tests.csproj", "{607ABD1D-5FB4-41F4-87A5-582538EE0BD4}"
EndProject
Project("{2150E333-8FDC-42A3-9474-1A3956D46DE8}") = "Hosting", "Hosting", "{2857B3EF-9BD3-46BD-8C6C-14737658C958}"
EndProject
Project("{2150E333-8FDC-42A3-9474-1A3956D46DE8}") = "src", "src", "{FDCED1CE-C699-407F-A1F4-EED20F9AA2D1}"
EndProject
Project("{FAE04EC0-301F-11D3-BF4B-00C04F79EFBC}") = "Isap.Hosting", "lib\Isap\Hosting\src\Isap.Hosting\Isap.Hosting.csproj", "{6190000C-338E-472A-819A-FA55F83C5AD2}"
EndProject
Project("{2150E333-8FDC-42A3-9474-1A3956D46DE8}") = "Abp.Extensions", "Abp.Extensions", "{C381C8FB-6800-4363-B317-91D8C669ED04}"
EndProject
Project("{2150E333-8FDC-42A3-9474-1A3956D46DE8}") = "src", "src", "{12083659-AC6D-4258-8D26-EC5AA81DC4D0}"
EndProject
Project("{FAE04EC0-301F-11D3-BF4B-00C04F79EFBC}") = "Isap.Abp.Extensions", "lib\Isap\Abp.Extensions\src\Isap.Abp.Extensions\Isap.Abp.Extensions.csproj", "{BA47C87E-2878-4DCF-99F9-78A1674E294C}"
EndProject
Project("{FAE04EC0-301F-11D3-BF4B-00C04F79EFBC}") = "Isap.Abp.Extensions.PostgreSql", "lib\Isap\Abp.Extensions\src\Isap.Abp.Extensions.PostgreSql\Isap.Abp.Extensions.PostgreSql.csproj", "{D36A2E58-5A40-4304-A375-6C9CFA4ECEFA}"
EndProject
Project("{2150E333-8FDC-42A3-9474-1A3956D46DE8}") = "test", "test", "{2D8C3FDB-AC36-4A8D-85D3-599517178474}"
EndProject
Project("{FAE04EC0-301F-11D3-BF4B-00C04F79EFBC}") = "Isap.Abp.Extensions.Tests", "lib\Isap\Abp.Extensions\test\Isap.Abp.Extensions.Tests\Isap.Abp.Extensions.Tests.csproj", "{A1F01B0F-7D44-4ADD-84E8-F7EE1E2B4E6F}"
EndProject
Project("{2150E333-8FDC-42A3-9474-1A3956D46DE8}") = "Abp.BackgroundJobs", "Abp.BackgroundJobs", "{DDCB465B-BC11-4115-ACC7-6F2BF439F83E}"
EndProject
Project("{2150E333-8FDC-42A3-9474-1A3956D46DE8}") = "src", "src", "{7BD7DF5F-8631-4EFD-8F0F-8EBB15385965}"
EndProject
Project("{FAE04EC0-301F-11D3-BF4B-00C04F79EFBC}") = "Isap.Abp.BackgroundJobs.Domain", "lib\Isap\Abp.BackgroundJobs\src\Isap.Abp.BackgroundJobs.Domain\Isap.Abp.BackgroundJobs.Domain.csproj", "{68B47BF9-078F-4316-8602-23465439FF93}"
EndProject
Project("{FAE04EC0-301F-11D3-BF4B-00C04F79EFBC}") = "Isap.Abp.BackgroundJobs.Domain.Shared", "lib\Isap\Abp.BackgroundJobs\src\Isap.Abp.BackgroundJobs.Domain.Shared\Isap.Abp.BackgroundJobs.Domain.Shared.csproj", "{2AE35B12-FDE4-4B8E-9392-19BE24C7B779}"
EndProject
Project("{FAE04EC0-301F-11D3-BF4B-00C04F79EFBC}") = "Isap.Abp.BackgroundJobs.EntityFrameworkCore", "lib\Isap\Abp.BackgroundJobs\src\Isap.Abp.BackgroundJobs.EntityFrameworkCore\Isap.Abp.BackgroundJobs.EntityFrameworkCore.csproj", "{03C6BB72-7B63-493B-9B66-A96244C8A5B9}"
EndProject
Project("{FAE04EC0-301F-11D3-BF4B-00C04F79EFBC}") = "Isap.Abp.BackgroundJobs.EntityFrameworkCore.PostgreSql", "lib\Isap\Abp.BackgroundJobs\src\Isap.Abp.BackgroundJobs.EntityFrameworkCore.PostgreSql\Isap.Abp.BackgroundJobs.EntityFrameworkCore.PostgreSql.csproj", "{9C500ADE-1CDD-42DD-B3C2-7E814640530C}"
EndProject
Project("{FAE04EC0-301F-11D3-BF4B-00C04F79EFBC}") = "Isap.CommonCore.EntityFrameworkCore", "lib\Isap\CommonCore\src\Isap.CommonCore.EntityFrameworkCore\Isap.CommonCore.EntityFrameworkCore.csproj", "{0E0AC0B4-2AB7-4176-9BEE-ED73E9B5C6ED}"
EndProject
Project("{FAE04EC0-301F-11D3-BF4B-00C04F79EFBC}") = "Isap.Abp.Extensions.EntityFrameworkCore", "lib\Isap\Abp.Extensions\src\Isap.Abp.Extensions.EntityFrameworkCore\Isap.Abp.Extensions.EntityFrameworkCore.csproj", "{AFF5EBE3-2A76-4675-9034-4B35CF095B34}"
EndProject
Project("{FAE04EC0-301F-11D3-BF4B-00C04F79EFBC}") = "Isap.Abp.Extensions.Applications", "lib\Isap\Abp.Extensions\src\Isap.Abp.Extensions.Applications\Isap.Abp.Extensions.Applications.csproj", "{1B35A636-FAC7-4930-854E-799110880113}"
EndProject
Project("{FAE04EC0-301F-11D3-BF4B-00C04F79EFBC}") = "Isap.Abp.Extensions.HttpApi", "lib\Isap\Abp.Extensions\src\Isap.Abp.Extensions.HttpApi\Isap.Abp.Extensions.HttpApi.csproj", "{7C178495-324A-4A53-930F-3C399492FB4C}"
EndProject
Global
	GlobalSection(SolutionConfigurationPlatforms) = preSolution
		Debug|Any CPU = Debug|Any CPU
		Release|Any CPU = Release|Any CPU
	EndGlobalSection
	GlobalSection(ProjectConfigurationPlatforms) = postSolution
		{554AD327-6DBA-4F8F-96F8-81CE7A0C863F}.Debug|Any CPU.ActiveCfg = Debug|Any CPU
		{554AD327-6DBA-4F8F-96F8-81CE7A0C863F}.Debug|Any CPU.Build.0 = Debug|Any CPU
		{554AD327-6DBA-4F8F-96F8-81CE7A0C863F}.Release|Any CPU.ActiveCfg = Release|Any CPU
		{554AD327-6DBA-4F8F-96F8-81CE7A0C863F}.Release|Any CPU.Build.0 = Release|Any CPU
		{1A94A50E-06DC-43C1-80B5-B662820EC3EB}.Debug|Any CPU.ActiveCfg = Debug|Any CPU
		{1A94A50E-06DC-43C1-80B5-B662820EC3EB}.Debug|Any CPU.Build.0 = Debug|Any CPU
		{1A94A50E-06DC-43C1-80B5-B662820EC3EB}.Release|Any CPU.ActiveCfg = Release|Any CPU
		{1A94A50E-06DC-43C1-80B5-B662820EC3EB}.Release|Any CPU.Build.0 = Release|Any CPU
		{C956DD76-69C8-4A9C-83EA-D17DF83340FD}.Debug|Any CPU.ActiveCfg = Debug|Any CPU
		{C956DD76-69C8-4A9C-83EA-D17DF83340FD}.Debug|Any CPU.Build.0 = Debug|Any CPU
		{C956DD76-69C8-4A9C-83EA-D17DF83340FD}.Release|Any CPU.ActiveCfg = Release|Any CPU
		{C956DD76-69C8-4A9C-83EA-D17DF83340FD}.Release|Any CPU.Build.0 = Release|Any CPU
		{068855E8-9240-4F1A-910B-CF825794513B}.Debug|Any CPU.ActiveCfg = Debug|Any CPU
		{068855E8-9240-4F1A-910B-CF825794513B}.Debug|Any CPU.Build.0 = Debug|Any CPU
		{068855E8-9240-4F1A-910B-CF825794513B}.Release|Any CPU.ActiveCfg = Release|Any CPU
		{068855E8-9240-4F1A-910B-CF825794513B}.Release|Any CPU.Build.0 = Release|Any CPU
		{50B2631D-129C-47B3-A587-029CCD6099BC}.Debug|Any CPU.ActiveCfg = Debug|Any CPU
		{50B2631D-129C-47B3-A587-029CCD6099BC}.Debug|Any CPU.Build.0 = Debug|Any CPU
		{50B2631D-129C-47B3-A587-029CCD6099BC}.Release|Any CPU.ActiveCfg = Release|Any CPU
		{50B2631D-129C-47B3-A587-029CCD6099BC}.Release|Any CPU.Build.0 = Release|Any CPU
		{5F1B28C6-8D0C-4155-92D0-252F7EA5F674}.Debug|Any CPU.ActiveCfg = Debug|Any CPU
		{5F1B28C6-8D0C-4155-92D0-252F7EA5F674}.Debug|Any CPU.Build.0 = Debug|Any CPU
		{5F1B28C6-8D0C-4155-92D0-252F7EA5F674}.Release|Any CPU.ActiveCfg = Release|Any CPU
		{5F1B28C6-8D0C-4155-92D0-252F7EA5F674}.Release|Any CPU.Build.0 = Release|Any CPU
		{E3444355-D47E-431E-BDD0-DD3A7113B2AE}.Debug|Any CPU.ActiveCfg = Debug|Any CPU
		{E3444355-D47E-431E-BDD0-DD3A7113B2AE}.Debug|Any CPU.Build.0 = Debug|Any CPU
		{E3444355-D47E-431E-BDD0-DD3A7113B2AE}.Release|Any CPU.ActiveCfg = Release|Any CPU
		{E3444355-D47E-431E-BDD0-DD3A7113B2AE}.Release|Any CPU.Build.0 = Release|Any CPU
		{0372FA84-C517-4EB3-9A9F-B9ACAC0CA5E0}.Debug|Any CPU.ActiveCfg = Debug|Any CPU
		{0372FA84-C517-4EB3-9A9F-B9ACAC0CA5E0}.Debug|Any CPU.Build.0 = Debug|Any CPU
		{0372FA84-C517-4EB3-9A9F-B9ACAC0CA5E0}.Release|Any CPU.ActiveCfg = Release|Any CPU
		{0372FA84-C517-4EB3-9A9F-B9ACAC0CA5E0}.Release|Any CPU.Build.0 = Release|Any CPU
		{42F719ED-8413-4895-B5B4-5AB56079BC66}.Debug|Any CPU.ActiveCfg = Debug|Any CPU
		{42F719ED-8413-4895-B5B4-5AB56079BC66}.Debug|Any CPU.Build.0 = Debug|Any CPU
		{42F719ED-8413-4895-B5B4-5AB56079BC66}.Release|Any CPU.ActiveCfg = Release|Any CPU
		{42F719ED-8413-4895-B5B4-5AB56079BC66}.Release|Any CPU.Build.0 = Release|Any CPU
		{520659C8-C734-4298-A3DA-B539DB9DFC0B}.Debug|Any CPU.ActiveCfg = Debug|Any CPU
		{520659C8-C734-4298-A3DA-B539DB9DFC0B}.Debug|Any CPU.Build.0 = Debug|Any CPU
		{520659C8-C734-4298-A3DA-B539DB9DFC0B}.Release|Any CPU.ActiveCfg = Release|Any CPU
		{520659C8-C734-4298-A3DA-B539DB9DFC0B}.Release|Any CPU.Build.0 = Release|Any CPU
		{4164BDF7-F527-4E85-9CE6-E3C2D7426A27}.Debug|Any CPU.ActiveCfg = Debug|Any CPU
		{4164BDF7-F527-4E85-9CE6-E3C2D7426A27}.Debug|Any CPU.Build.0 = Debug|Any CPU
		{4164BDF7-F527-4E85-9CE6-E3C2D7426A27}.Release|Any CPU.ActiveCfg = Release|Any CPU
		{4164BDF7-F527-4E85-9CE6-E3C2D7426A27}.Release|Any CPU.Build.0 = Release|Any CPU
		{3B5A0094-670D-4BB1-BFDD-61B88A8773DC}.Debug|Any CPU.ActiveCfg = Debug|Any CPU
		{3B5A0094-670D-4BB1-BFDD-61B88A8773DC}.Debug|Any CPU.Build.0 = Debug|Any CPU
		{3B5A0094-670D-4BB1-BFDD-61B88A8773DC}.Release|Any CPU.ActiveCfg = Release|Any CPU
		{3B5A0094-670D-4BB1-BFDD-61B88A8773DC}.Release|Any CPU.Build.0 = Release|Any CPU
		{6FE54035-9C11-4702-A5E2-D16F23101468}.Debug|Any CPU.ActiveCfg = Debug|Any CPU
		{6FE54035-9C11-4702-A5E2-D16F23101468}.Debug|Any CPU.Build.0 = Debug|Any CPU
		{6FE54035-9C11-4702-A5E2-D16F23101468}.Release|Any CPU.ActiveCfg = Release|Any CPU
		{6FE54035-9C11-4702-A5E2-D16F23101468}.Release|Any CPU.Build.0 = Release|Any CPU
		{073C361E-B8F4-49F5-93CC-72A3FF49C026}.Debug|Any CPU.ActiveCfg = Debug|Any CPU
		{073C361E-B8F4-49F5-93CC-72A3FF49C026}.Debug|Any CPU.Build.0 = Debug|Any CPU
		{073C361E-B8F4-49F5-93CC-72A3FF49C026}.Release|Any CPU.ActiveCfg = Release|Any CPU
		{073C361E-B8F4-49F5-93CC-72A3FF49C026}.Release|Any CPU.Build.0 = Release|Any CPU
		{E6D5BF0E-DE92-4D82-A352-EF04B37CB11C}.Debug|Any CPU.ActiveCfg = Debug|Any CPU
		{E6D5BF0E-DE92-4D82-A352-EF04B37CB11C}.Debug|Any CPU.Build.0 = Debug|Any CPU
		{E6D5BF0E-DE92-4D82-A352-EF04B37CB11C}.Release|Any CPU.ActiveCfg = Release|Any CPU
		{E6D5BF0E-DE92-4D82-A352-EF04B37CB11C}.Release|Any CPU.Build.0 = Release|Any CPU
		{1FE30EB9-74A9-47F5-A9F6-7B1FAB672D81}.Debug|Any CPU.ActiveCfg = Debug|Any CPU
		{1FE30EB9-74A9-47F5-A9F6-7B1FAB672D81}.Debug|Any CPU.Build.0 = Debug|Any CPU
		{1FE30EB9-74A9-47F5-A9F6-7B1FAB672D81}.Release|Any CPU.ActiveCfg = Release|Any CPU
		{1FE30EB9-74A9-47F5-A9F6-7B1FAB672D81}.Release|Any CPU.Build.0 = Release|Any CPU
		{91853F21-9CD9-4132-BC29-A7D5D84FFFE7}.Debug|Any CPU.ActiveCfg = Debug|Any CPU
		{91853F21-9CD9-4132-BC29-A7D5D84FFFE7}.Debug|Any CPU.Build.0 = Debug|Any CPU
		{91853F21-9CD9-4132-BC29-A7D5D84FFFE7}.Release|Any CPU.ActiveCfg = Release|Any CPU
		{91853F21-9CD9-4132-BC29-A7D5D84FFFE7}.Release|Any CPU.Build.0 = Release|Any CPU
		{E512F4D9-9375-480F-A2F6-A46509F9D824}.Debug|Any CPU.ActiveCfg = Debug|Any CPU
		{E512F4D9-9375-480F-A2F6-A46509F9D824}.Debug|Any CPU.Build.0 = Debug|Any CPU
		{E512F4D9-9375-480F-A2F6-A46509F9D824}.Release|Any CPU.ActiveCfg = Release|Any CPU
		{E512F4D9-9375-480F-A2F6-A46509F9D824}.Release|Any CPU.Build.0 = Release|Any CPU
		{6015D17B-104B-4EC2-A9B7-D8A40C891458}.Debug|Any CPU.ActiveCfg = Debug|Any CPU
		{6015D17B-104B-4EC2-A9B7-D8A40C891458}.Debug|Any CPU.Build.0 = Debug|Any CPU
		{6015D17B-104B-4EC2-A9B7-D8A40C891458}.Release|Any CPU.ActiveCfg = Release|Any CPU
		{6015D17B-104B-4EC2-A9B7-D8A40C891458}.Release|Any CPU.Build.0 = Release|Any CPU
		{EF480016-9127-4916-8735-D2466BDBC582}.Debug|Any CPU.ActiveCfg = Debug|Any CPU
		{EF480016-9127-4916-8735-D2466BDBC582}.Debug|Any CPU.Build.0 = Debug|Any CPU
		{EF480016-9127-4916-8735-D2466BDBC582}.Release|Any CPU.ActiveCfg = Release|Any CPU
		{EF480016-9127-4916-8735-D2466BDBC582}.Release|Any CPU.Build.0 = Release|Any CPU
		{AA94D832-1CCC-4715-95A9-A483F23A1A5D}.Debug|Any CPU.ActiveCfg = Debug|Any CPU
		{AA94D832-1CCC-4715-95A9-A483F23A1A5D}.Debug|Any CPU.Build.0 = Debug|Any CPU
		{AA94D832-1CCC-4715-95A9-A483F23A1A5D}.Release|Any CPU.ActiveCfg = Release|Any CPU
		{AA94D832-1CCC-4715-95A9-A483F23A1A5D}.Release|Any CPU.Build.0 = Release|Any CPU
		{748584B1-BA69-4F6A-81AA-F4BDE6BCE29D}.Debug|Any CPU.ActiveCfg = Debug|Any CPU
		{748584B1-BA69-4F6A-81AA-F4BDE6BCE29D}.Debug|Any CPU.Build.0 = Debug|Any CPU
		{748584B1-BA69-4F6A-81AA-F4BDE6BCE29D}.Release|Any CPU.ActiveCfg = Release|Any CPU
		{748584B1-BA69-4F6A-81AA-F4BDE6BCE29D}.Release|Any CPU.Build.0 = Release|Any CPU
		{27B2DDC7-8B75-4322-A312-25419C15D9D8}.Debug|Any CPU.ActiveCfg = Debug|Any CPU
		{27B2DDC7-8B75-4322-A312-25419C15D9D8}.Debug|Any CPU.Build.0 = Debug|Any CPU
		{27B2DDC7-8B75-4322-A312-25419C15D9D8}.Release|Any CPU.ActiveCfg = Release|Any CPU
		{27B2DDC7-8B75-4322-A312-25419C15D9D8}.Release|Any CPU.Build.0 = Release|Any CPU
		{FCB8C0DA-406F-4259-92E0-A839E80E2AD5}.Debug|Any CPU.ActiveCfg = Debug|Any CPU
		{FCB8C0DA-406F-4259-92E0-A839E80E2AD5}.Debug|Any CPU.Build.0 = Debug|Any CPU
		{FCB8C0DA-406F-4259-92E0-A839E80E2AD5}.Release|Any CPU.ActiveCfg = Release|Any CPU
		{FCB8C0DA-406F-4259-92E0-A839E80E2AD5}.Release|Any CPU.Build.0 = Release|Any CPU
		{26356985-FA97-4D22-B04E-2C93D4414BEE}.Debug|Any CPU.ActiveCfg = Debug|Any CPU
		{26356985-FA97-4D22-B04E-2C93D4414BEE}.Debug|Any CPU.Build.0 = Debug|Any CPU
		{26356985-FA97-4D22-B04E-2C93D4414BEE}.Release|Any CPU.ActiveCfg = Release|Any CPU
		{26356985-FA97-4D22-B04E-2C93D4414BEE}.Release|Any CPU.Build.0 = Release|Any CPU
		{1701D6DB-7F87-40E8-913F-202B376AFF5A}.Debug|Any CPU.ActiveCfg = Debug|Any CPU
		{1701D6DB-7F87-40E8-913F-202B376AFF5A}.Debug|Any CPU.Build.0 = Debug|Any CPU
		{1701D6DB-7F87-40E8-913F-202B376AFF5A}.Release|Any CPU.ActiveCfg = Release|Any CPU
		{1701D6DB-7F87-40E8-913F-202B376AFF5A}.Release|Any CPU.Build.0 = Release|Any CPU
		{6D9B450D-A66F-4180-9109-8ABB958BDBAB}.Debug|Any CPU.ActiveCfg = Debug|Any CPU
		{6D9B450D-A66F-4180-9109-8ABB958BDBAB}.Debug|Any CPU.Build.0 = Debug|Any CPU
		{6D9B450D-A66F-4180-9109-8ABB958BDBAB}.Release|Any CPU.ActiveCfg = Release|Any CPU
		{6D9B450D-A66F-4180-9109-8ABB958BDBAB}.Release|Any CPU.Build.0 = Release|Any CPU
		{607ABD1D-5FB4-41F4-87A5-582538EE0BD4}.Debug|Any CPU.ActiveCfg = Debug|Any CPU
		{607ABD1D-5FB4-41F4-87A5-582538EE0BD4}.Debug|Any CPU.Build.0 = Debug|Any CPU
		{607ABD1D-5FB4-41F4-87A5-582538EE0BD4}.Release|Any CPU.ActiveCfg = Release|Any CPU
		{607ABD1D-5FB4-41F4-87A5-582538EE0BD4}.Release|Any CPU.Build.0 = Release|Any CPU
		{6190000C-338E-472A-819A-FA55F83C5AD2}.Debug|Any CPU.ActiveCfg = Debug|Any CPU
		{6190000C-338E-472A-819A-FA55F83C5AD2}.Debug|Any CPU.Build.0 = Debug|Any CPU
		{6190000C-338E-472A-819A-FA55F83C5AD2}.Release|Any CPU.ActiveCfg = Release|Any CPU
		{6190000C-338E-472A-819A-FA55F83C5AD2}.Release|Any CPU.Build.0 = Release|Any CPU
		{BA47C87E-2878-4DCF-99F9-78A1674E294C}.Debug|Any CPU.ActiveCfg = Debug|Any CPU
		{BA47C87E-2878-4DCF-99F9-78A1674E294C}.Debug|Any CPU.Build.0 = Debug|Any CPU
		{BA47C87E-2878-4DCF-99F9-78A1674E294C}.Release|Any CPU.ActiveCfg = Release|Any CPU
		{BA47C87E-2878-4DCF-99F9-78A1674E294C}.Release|Any CPU.Build.0 = Release|Any CPU
		{D36A2E58-5A40-4304-A375-6C9CFA4ECEFA}.Debug|Any CPU.ActiveCfg = Debug|Any CPU
		{D36A2E58-5A40-4304-A375-6C9CFA4ECEFA}.Debug|Any CPU.Build.0 = Debug|Any CPU
		{D36A2E58-5A40-4304-A375-6C9CFA4ECEFA}.Release|Any CPU.ActiveCfg = Release|Any CPU
		{D36A2E58-5A40-4304-A375-6C9CFA4ECEFA}.Release|Any CPU.Build.0 = Release|Any CPU
		{A1F01B0F-7D44-4ADD-84E8-F7EE1E2B4E6F}.Debug|Any CPU.ActiveCfg = Debug|Any CPU
		{A1F01B0F-7D44-4ADD-84E8-F7EE1E2B4E6F}.Debug|Any CPU.Build.0 = Debug|Any CPU
		{A1F01B0F-7D44-4ADD-84E8-F7EE1E2B4E6F}.Release|Any CPU.ActiveCfg = Release|Any CPU
		{A1F01B0F-7D44-4ADD-84E8-F7EE1E2B4E6F}.Release|Any CPU.Build.0 = Release|Any CPU
		{68B47BF9-078F-4316-8602-23465439FF93}.Debug|Any CPU.ActiveCfg = Debug|Any CPU
		{68B47BF9-078F-4316-8602-23465439FF93}.Debug|Any CPU.Build.0 = Debug|Any CPU
		{68B47BF9-078F-4316-8602-23465439FF93}.Release|Any CPU.ActiveCfg = Release|Any CPU
		{68B47BF9-078F-4316-8602-23465439FF93}.Release|Any CPU.Build.0 = Release|Any CPU
		{2AE35B12-FDE4-4B8E-9392-19BE24C7B779}.Debug|Any CPU.ActiveCfg = Debug|Any CPU
		{2AE35B12-FDE4-4B8E-9392-19BE24C7B779}.Debug|Any CPU.Build.0 = Debug|Any CPU
		{2AE35B12-FDE4-4B8E-9392-19BE24C7B779}.Release|Any CPU.ActiveCfg = Release|Any CPU
		{2AE35B12-FDE4-4B8E-9392-19BE24C7B779}.Release|Any CPU.Build.0 = Release|Any CPU
		{03C6BB72-7B63-493B-9B66-A96244C8A5B9}.Debug|Any CPU.ActiveCfg = Debug|Any CPU
		{03C6BB72-7B63-493B-9B66-A96244C8A5B9}.Debug|Any CPU.Build.0 = Debug|Any CPU
		{03C6BB72-7B63-493B-9B66-A96244C8A5B9}.Release|Any CPU.ActiveCfg = Release|Any CPU
		{03C6BB72-7B63-493B-9B66-A96244C8A5B9}.Release|Any CPU.Build.0 = Release|Any CPU
		{9C500ADE-1CDD-42DD-B3C2-7E814640530C}.Debug|Any CPU.ActiveCfg = Debug|Any CPU
		{9C500ADE-1CDD-42DD-B3C2-7E814640530C}.Debug|Any CPU.Build.0 = Debug|Any CPU
		{9C500ADE-1CDD-42DD-B3C2-7E814640530C}.Release|Any CPU.ActiveCfg = Release|Any CPU
		{9C500ADE-1CDD-42DD-B3C2-7E814640530C}.Release|Any CPU.Build.0 = Release|Any CPU
		{0E0AC0B4-2AB7-4176-9BEE-ED73E9B5C6ED}.Debug|Any CPU.ActiveCfg = Debug|Any CPU
		{0E0AC0B4-2AB7-4176-9BEE-ED73E9B5C6ED}.Debug|Any CPU.Build.0 = Debug|Any CPU
		{0E0AC0B4-2AB7-4176-9BEE-ED73E9B5C6ED}.Release|Any CPU.ActiveCfg = Release|Any CPU
		{0E0AC0B4-2AB7-4176-9BEE-ED73E9B5C6ED}.Release|Any CPU.Build.0 = Release|Any CPU
		{AFF5EBE3-2A76-4675-9034-4B35CF095B34}.Debug|Any CPU.ActiveCfg = Debug|Any CPU
		{AFF5EBE3-2A76-4675-9034-4B35CF095B34}.Debug|Any CPU.Build.0 = Debug|Any CPU
		{AFF5EBE3-2A76-4675-9034-4B35CF095B34}.Release|Any CPU.ActiveCfg = Release|Any CPU
		{AFF5EBE3-2A76-4675-9034-4B35CF095B34}.Release|Any CPU.Build.0 = Release|Any CPU
		{1B35A636-FAC7-4930-854E-799110880113}.Debug|Any CPU.ActiveCfg = Debug|Any CPU
		{1B35A636-FAC7-4930-854E-799110880113}.Debug|Any CPU.Build.0 = Debug|Any CPU
		{1B35A636-FAC7-4930-854E-799110880113}.Release|Any CPU.ActiveCfg = Release|Any CPU
		{1B35A636-FAC7-4930-854E-799110880113}.Release|Any CPU.Build.0 = Release|Any CPU
		{7C178495-324A-4A53-930F-3C399492FB4C}.Debug|Any CPU.ActiveCfg = Debug|Any CPU
		{7C178495-324A-4A53-930F-3C399492FB4C}.Debug|Any CPU.Build.0 = Debug|Any CPU
		{7C178495-324A-4A53-930F-3C399492FB4C}.Release|Any CPU.ActiveCfg = Release|Any CPU
		{7C178495-324A-4A53-930F-3C399492FB4C}.Release|Any CPU.Build.0 = Release|Any CPU
	EndGlobalSection
	GlobalSection(SolutionProperties) = preSolution
		HideSolutionNode = FALSE
	EndGlobalSection
	GlobalSection(NestedProjects) = preSolution
		{554AD327-6DBA-4F8F-96F8-81CE7A0C863F} = {CA9AC87F-097E-4F15-8393-4BC07735A5B0}
		{1A94A50E-06DC-43C1-80B5-B662820EC3EB} = {CA9AC87F-097E-4F15-8393-4BC07735A5B0}
		{C956DD76-69C8-4A9C-83EA-D17DF83340FD} = {CA9AC87F-097E-4F15-8393-4BC07735A5B0}
		{068855E8-9240-4F1A-910B-CF825794513B} = {CA9AC87F-097E-4F15-8393-4BC07735A5B0}
		{50B2631D-129C-47B3-A587-029CCD6099BC} = {04DBDB01-70F4-4E06-B468-8F87850B22BE}
		{5F1B28C6-8D0C-4155-92D0-252F7EA5F674} = {04DBDB01-70F4-4E06-B468-8F87850B22BE}
		{E3444355-D47E-431E-BDD0-DD3A7113B2AE} = {CA9AC87F-097E-4F15-8393-4BC07735A5B0}
		{0372FA84-C517-4EB3-9A9F-B9ACAC0CA5E0} = {CA9AC87F-097E-4F15-8393-4BC07735A5B0}
		{42F719ED-8413-4895-B5B4-5AB56079BC66} = {CA9AC87F-097E-4F15-8393-4BC07735A5B0}
		{520659C8-C734-4298-A3DA-B539DB9DFC0B} = {CA9AC87F-097E-4F15-8393-4BC07735A5B0}
		{4164BDF7-F527-4E85-9CE6-E3C2D7426A27} = {CA9AC87F-097E-4F15-8393-4BC07735A5B0}
		{3B5A0094-670D-4BB1-BFDD-61B88A8773DC} = {CA9AC87F-097E-4F15-8393-4BC07735A5B0}
		{6FE54035-9C11-4702-A5E2-D16F23101468} = {CA9AC87F-097E-4F15-8393-4BC07735A5B0}
		{073C361E-B8F4-49F5-93CC-72A3FF49C026} = {CA9AC87F-097E-4F15-8393-4BC07735A5B0}
		{E6D5BF0E-DE92-4D82-A352-EF04B37CB11C} = {CA9AC87F-097E-4F15-8393-4BC07735A5B0}
		{1FE30EB9-74A9-47F5-A9F6-7B1FAB672D81} = {04DBDB01-70F4-4E06-B468-8F87850B22BE}
		{91853F21-9CD9-4132-BC29-A7D5D84FFFE7} = {04DBDB01-70F4-4E06-B468-8F87850B22BE}
		{E512F4D9-9375-480F-A2F6-A46509F9D824} = {04DBDB01-70F4-4E06-B468-8F87850B22BE}
		{6015D17B-104B-4EC2-A9B7-D8A40C891458} = {04DBDB01-70F4-4E06-B468-8F87850B22BE}
		{EF480016-9127-4916-8735-D2466BDBC582} = {04DBDB01-70F4-4E06-B468-8F87850B22BE}
		{AA94D832-1CCC-4715-95A9-A483F23A1A5D} = {CA9AC87F-097E-4F15-8393-4BC07735A5B0}
		{748584B1-BA69-4F6A-81AA-F4BDE6BCE29D} = {CA9AC87F-097E-4F15-8393-4BC07735A5B0}
		{27B2DDC7-8B75-4322-A312-25419C15D9D8} = {CA9AC87F-097E-4F15-8393-4BC07735A5B0}
		{3353EE30-195D-4C9D-BA14-0DA7BF9AF2D0} = {0BF5FDCC-4289-47EB-A9E9-2B2D4E3ED59C}
		{DC442A3F-AEE3-418C-A722-0557BDC6D307} = {3353EE30-195D-4C9D-BA14-0DA7BF9AF2D0}
		{2F2A0DC4-7856-4DD3-B04B-3121C9607C44} = {DC442A3F-AEE3-418C-A722-0557BDC6D307}
		{FCB8C0DA-406F-4259-92E0-A839E80E2AD5} = {2F2A0DC4-7856-4DD3-B04B-3121C9607C44}
		{758C7BC9-9604-4865-A35D-90B6283E7307} = {DC442A3F-AEE3-418C-A722-0557BDC6D307}
		{26356985-FA97-4D22-B04E-2C93D4414BEE} = {758C7BC9-9604-4865-A35D-90B6283E7307}
		{C0D41873-1D4F-44F8-8FE5-25D0C5F53B01} = {3353EE30-195D-4C9D-BA14-0DA7BF9AF2D0}
		{F3182D96-F506-4C2C-8CFA-112680D643D8} = {C0D41873-1D4F-44F8-8FE5-25D0C5F53B01}
		{1701D6DB-7F87-40E8-913F-202B376AFF5A} = {F3182D96-F506-4C2C-8CFA-112680D643D8}
		{6D9B450D-A66F-4180-9109-8ABB958BDBAB} = {F3182D96-F506-4C2C-8CFA-112680D643D8}
		{946BC2E7-606D-44A2-B246-10E1B13A31D0} = {C0D41873-1D4F-44F8-8FE5-25D0C5F53B01}
		{607ABD1D-5FB4-41F4-87A5-582538EE0BD4} = {946BC2E7-606D-44A2-B246-10E1B13A31D0}
		{2857B3EF-9BD3-46BD-8C6C-14737658C958} = {3353EE30-195D-4C9D-BA14-0DA7BF9AF2D0}
		{FDCED1CE-C699-407F-A1F4-EED20F9AA2D1} = {2857B3EF-9BD3-46BD-8C6C-14737658C958}
		{6190000C-338E-472A-819A-FA55F83C5AD2} = {FDCED1CE-C699-407F-A1F4-EED20F9AA2D1}
		{C381C8FB-6800-4363-B317-91D8C669ED04} = {3353EE30-195D-4C9D-BA14-0DA7BF9AF2D0}
		{12083659-AC6D-4258-8D26-EC5AA81DC4D0} = {C381C8FB-6800-4363-B317-91D8C669ED04}
		{BA47C87E-2878-4DCF-99F9-78A1674E294C} = {12083659-AC6D-4258-8D26-EC5AA81DC4D0}
		{D36A2E58-5A40-4304-A375-6C9CFA4ECEFA} = {12083659-AC6D-4258-8D26-EC5AA81DC4D0}
		{2D8C3FDB-AC36-4A8D-85D3-599517178474} = {C381C8FB-6800-4363-B317-91D8C669ED04}
		{A1F01B0F-7D44-4ADD-84E8-F7EE1E2B4E6F} = {2D8C3FDB-AC36-4A8D-85D3-599517178474}
		{DDCB465B-BC11-4115-ACC7-6F2BF439F83E} = {3353EE30-195D-4C9D-BA14-0DA7BF9AF2D0}
		{7BD7DF5F-8631-4EFD-8F0F-8EBB15385965} = {DDCB465B-BC11-4115-ACC7-6F2BF439F83E}
		{68B47BF9-078F-4316-8602-23465439FF93} = {7BD7DF5F-8631-4EFD-8F0F-8EBB15385965}
		{2AE35B12-FDE4-4B8E-9392-19BE24C7B779} = {7BD7DF5F-8631-4EFD-8F0F-8EBB15385965}
		{03C6BB72-7B63-493B-9B66-A96244C8A5B9} = {7BD7DF5F-8631-4EFD-8F0F-8EBB15385965}
		{9C500ADE-1CDD-42DD-B3C2-7E814640530C} = {7BD7DF5F-8631-4EFD-8F0F-8EBB15385965}
		{0E0AC0B4-2AB7-4176-9BEE-ED73E9B5C6ED} = {F3182D96-F506-4C2C-8CFA-112680D643D8}
		{AFF5EBE3-2A76-4675-9034-4B35CF095B34} = {12083659-AC6D-4258-8D26-EC5AA81DC4D0}
		{1B35A636-FAC7-4930-854E-799110880113} = {12083659-AC6D-4258-8D26-EC5AA81DC4D0}
		{7C178495-324A-4A53-930F-3C399492FB4C} = {12083659-AC6D-4258-8D26-EC5AA81DC4D0}
	EndGlobalSection
	GlobalSection(ExtensibilityGlobals) = postSolution
		SolutionGuid = {28315BFD-90E7-4E14-A2EA-F3D23AF4126F}
	EndGlobalSection
EndGlobal
